dependencies:
  LovyanGFX:
    dependencies: []
    source:
      path: components/LovyanGFX
      type: local
    version: '*'
  OpenWeatherMap:
    dependencies: []
    source:
      path: components/OpenWeatherMap
      type: local
    version: '*'
  SettingsConfig:
    dependencies: []
    source:
      path: components/SettingsConfig
      type: local
    version: '*'
  espressif/cjson:
    component_hash: e788323270d90738662d66fffa910bfe1fba019bba087f01557e70c40485b469
    dependencies:
    - name: idf
      require: private
      version: '>=5.0'
    source:
      registry_url: https://components.espressif.com/
      type: service
    version: 1.7.19~2
  espressif/fmt:
    component_hash: aad535ae0552e693978867f5e53731c8ae6592092cfb087698b7ec1ddf75c7cb
    dependencies:
    - name: idf
      require: private
      version: '>=4.1'
    source:
      registry_url: https://components.espressif.com/
      type: service
    version: 11.0.1
  espressif/network_provisioning:
    component_hash: 72d27784e3daf807418a34fb00be136ec50c6db49d989ce981d22e031fc0e7f8
    dependencies:
    - name: espressif/cjson
      registry_url: https://components.espressif.com
      require: private
      rules:
      - if: idf_version >= 6.0
      version: ^1.7.19
    - name: idf
      require: private
      version: '>=5.1'
    source:
      registry_url: https://components.espressif.com/
      type: service
    version: 1.2.4
  idf:
    source:
      type: idf
    version: 6.0.1
  lvgl/lvgl:
    component_hash: b702d642e03e95928046d5c6726558e6444e112420c77efa5fdb6650b0a13c5d
    dependencies: []
    source:
      registry_url: https://components.espressif.com/
      type: service
    version: 9.3.0
  ota:
    dependencies: []
    source:
      path: components/ota
      type: local
    version: '*'
direct_dependencies:
- LovyanGFX
- OpenWeatherMap
- SettingsConfig
- espressif/cjson
- espressif/fmt
- espressif/network_provisioning
- idf
- lvgl/lvgl
- ota
manifest_hash: 2caa73b7abc1ab363523592c5a6fbce1e956ab1cec0ee951870d9f07f2b12590
target: esp32s3
version: 3.0.0
