dependencies:
  LovyanGFX:
    dependencies: []
    source:
      path: /Users/I051413/pProject/ESP32-TUX/components/LovyanGFX
      type: local
    version: '*'
  OpenWeatherMap:
    dependencies: []
    source:
      path: /Users/I051413/pProject/ESP32-TUX/components/OpenWeatherMap
      type: local
    version: '*'
  SettingsConfig:
    dependencies: []
    source:
      path: /Users/I051413/pProject/ESP32-TUX/components/SettingsConfig
      type: local
    version: '*'
  espressif/cjson:
    component_hash: e788323270d90738662d66fffa910bfe1fba019bba087f01557e70c40485b469
    dependencies:
    - name: idf
      require: private
      version: '>=5.0'
    source:
      registry_url: https://components.espressif.com/
      type: service
    version: 1.7.19~2
  espressif/fmt:
    component_hash: aad535ae0552e693978867f5e53731c8ae6592092cfb087698b7ec1ddf75c7cb
    dependencies:
    - name: idf
      require: private
      version: '>=4.1'
    source:
      registry_url: https://components.espressif.com/
      type: service
    version: 11.0.1
  idf:
    source:
      type: idf
    version: 5.5.4
  lvgl/lvgl:
    component_hash: d7c1ac037ae6e85d94897f807d6e7ba0946a83e720074fc95a4f6241da9f9f53
    dependencies: []
    source:
      registry_url: https://components.espressif.com/
      type: service
    version: 8.4.0
  ota:
    dependencies: []
    source:
      path: /Users/I051413/pProject/ESP32-TUX/components/ota
      type: local
    version: '*'
direct_dependencies:
- LovyanGFX
- OpenWeatherMap
- SettingsConfig
- espressif/cjson
- espressif/fmt
- idf
- lvgl/lvgl
- ota
manifest_hash: 18c2699e7e9db8d9169f9d0d1671a03704d4f79e6f8b8e5dadcd825552ad7eb0
target: esp32s3
version: 2.0.0
